
Microsoft Visual Studio Solution File, Format Version 12.00
# Visual Studio Version 16
VisualStudioVersion = 16.0.30204.135
MinimumVisualStudioVersion = 10.0.40219.1
Project("{FAE04EC0-301F-11D3-BF4B-00C04F79EFBC}") = "DVDRental", "DVDRental\DVDRental.csproj", "{AB0FC235-7B47-4BF7-9D5A-CC110F07EAB2}"
EndProject
Global
	GlobalSection(SolutionConfigurationPlatforms) = preSolution
		Debug|Any CPU = Debug|Any CPU
		Release|Any CPU = Release|Any CPU
	EndGlobalSection
	GlobalSection(ProjectConfigurationPlatforms) = postSolution
		{AB0FC235-7B47-4BF7-9D5A-CC110F07EAB2}.Debug|Any CPU.ActiveCfg = Debug|Any CPU
		{AB0FC235-7B47-4BF7-9D5A-CC110F07EAB2}.Debug|Any CPU.Build.0 = Debug|Any CPU
		{AB0FC235-7B47-4BF7-9D5A-CC110F07EAB2}.Release|Any CPU.ActiveCfg = Release|Any CPU
		{AB0FC235-7B47-4BF7-9D5A-CC110F07EAB2}.Release|Any CPU.Build.0 = Release|Any CPU
	EndGlobalSection
	GlobalSection(SolutionProperties) = preSolution
		HideSolutionNode = FALSE
	EndGlobalSection
	GlobalSection(ExtensibilityGlobals) = postSolution
		SolutionGuid = {62424930-C8C2-40ED-8825-4FE54F33CADD}
	EndGlobalSection
EndGlobal
